
Microsoft Visual Studio Solution File, Format Version 12.00
# Visual Studio Version 17
VisualStudioVersion = 17.1.32210.238
MinimumVisualStudioVersion = 10.0.40219.1
Project("{9A19103F-16F7-4668-BE54-9A1E7A4F7556}") = "StringManipulation.Test", "StringManipulation.Test\StringManipulation.Test.csproj", "{5EEA60D9-93DF-47C1-9F2F-7C9FBE1F734B}"
EndProject
Project("{FAE04EC0-301F-11D3-BF4B-00C04F79EFBC}") = "StringManipulation.App", "StringManipulation.App\StringManipulation.App.csproj", "{E7AE4AB2-2D0E-46A4-B218-3FAAF8FC5C72}"
EndProject
Global
	GlobalSection(SolutionConfigurationPlatforms) = preSolution
		Debug|Any CPU = Debug|Any CPU
		Release|Any CPU = Release|Any CPU
	EndGlobalSection
	GlobalSection(ProjectConfigurationPlatforms) = postSolution
		{5EEA60D9-93DF-47C1-9F2F-7C9FBE1F734B}.Debug|Any CPU.ActiveCfg = Debug|Any CPU
		{5EEA60D9-93DF-47C1-9F2F-7C9FBE1F734B}.Debug|Any CPU.Build.0 = Debug|Any CPU
		{5EEA60D9-93DF-47C1-9F2F-7C9FBE1F734B}.Release|Any CPU.ActiveCfg = Release|Any CPU
		{5EEA60D9-93DF-47C1-9F2F-7C9FBE1F734B}.Release|Any CPU.Build.0 = Release|Any CPU
		{E7AE4AB2-2D0E-46A4-B218-3FAAF8FC5C72}.Debug|Any CPU.ActiveCfg = Debug|Any CPU
		{E7AE4AB2-2D0E-46A4-B218-3FAAF8FC5C72}.Debug|Any CPU.Build.0 = Debug|Any CPU
		{E7AE4AB2-2D0E-46A4-B218-3FAAF8FC5C72}.Release|Any CPU.ActiveCfg = Release|Any CPU
		{E7AE4AB2-2D0E-46A4-B218-3FAAF8FC5C72}.Release|Any CPU.Build.0 = Release|Any CPU
	EndGlobalSection
	GlobalSection(SolutionProperties) = preSolution
		HideSolutionNode = FALSE
	EndGlobalSection
	GlobalSection(ExtensibilityGlobals) = postSolution
		SolutionGuid = {D26D2300-5107-424A-84E4-512708159945}
	EndGlobalSection
EndGlobal
